// !$*UTF8*$!
{
	archiveVersion = 1;
	classes = {
	};
	objectVersion = 55;
	objects = {

/* Begin PBXBuildFile section */
		6E251FEA279A2D3E005CB825 /* Episode.swift in Sources */ = {isa = PBXBuildFile; fileRef = 6E251FE9279A2D3E005CB825 /* Episode.swift */; };
		6E251FEC279A2D90005CB825 /* Image.swift in Sources */ = {isa = PBXBuildFile; fileRef = 6E251FEB279A2D90005CB825 /* Image.swift */; };
		6E251FF1279A3116005CB825 /* TVShowDetailViewController.swift in Sources */ = {isa = PBXBuildFile; fileRef = 6E251FF0279A3116005CB825 /* TVShowDetailViewController.swift */; };
		6E251FF3279A3120005CB825 /* TVShowDetailView.swift in Sources */ = {isa = PBXBuildFile; fileRef = 6E251FF2279A3120005CB825 /* TVShowDetailView.swift */; };
		6E251FF5279A32E0005CB825 /* EpisodeCell.swift in Sources */ = {isa = PBXBuildFile; fileRef = 6E251FF4279A32E0005CB825 /* EpisodeCell.swift */; };
		6E251FF7279A3A8E005CB825 /* EpisodeProviderProtocol.swift in Sources */ = {isa = PBXBuildFile; fileRef = 6E251FF6279A3A8E005CB825 /* EpisodeProviderProtocol.swift */; };
		6E251FF9279A3ACB005CB825 /* EpisodeProvider.swift in Sources */ = {isa = PBXBuildFile; fileRef = 6E251FF8279A3ACB005CB825 /* EpisodeProvider.swift */; };
		6E59E6CF2799D1830016F13D /* AppDelegate.swift in Sources */ = {isa = PBXBuildFile; fileRef = 6E59E6CE2799D1830016F13D /* AppDelegate.swift */; };
		6E59E6D82799D1850016F13D /* Assets.xcassets in Resources */ = {isa = PBXBuildFile; fileRef = 6E59E6D72799D1850016F13D /* Assets.xcassets */; };
		6E59E6DB2799D1850016F13D /* LaunchScreen.storyboard in Resources */ = {isa = PBXBuildFile; fileRef = 6E59E6D92799D1850016F13D /* LaunchScreen.storyboard */; };
		6E59E7182799EEA50016F13D /* Localizable.strings in Resources */ = {isa = PBXBuildFile; fileRef = 6E59E7172799EEA50016F13D /* Localizable.strings */; };
		6E59E71A2799EEAD0016F13D /* Localizable.swift in Sources */ = {isa = PBXBuildFile; fileRef = 6E59E7192799EEAD0016F13D /* Localizable.swift */; };
		6E59E71D2799EF4D0016F13D /* TVShow.swift in Sources */ = {isa = PBXBuildFile; fileRef = 6E59E71C2799EF4D0016F13D /* TVShow.swift */; };
		6E59E7202799F0A00016F13D /* APIKeys.swift in Sources */ = {isa = PBXBuildFile; fileRef = 6E59E71F2799F0A00016F13D /* APIKeys.swift */; };
		6E59E7222799F1C70016F13D /* TVShowEndpoint.swift in Sources */ = {isa = PBXBuildFile; fileRef = 6E59E7212799F1C70016F13D /* TVShowEndpoint.swift */; };
		6E59E72A2799F3BE0016F13D /* UIView+setupConstraints.swift in Sources */ = {isa = PBXBuildFile; fileRef = 6E59E7252799F3BE0016F13D /* UIView+setupConstraints.swift */; };
		6E59E72B2799F3BE0016F13D /* UIView+addSubviews.swift in Sources */ = {isa = PBXBuildFile; fileRef = 6E59E7262799F3BE0016F13D /* UIView+addSubviews.swift */; };
		6E59E72C2799F3BE0016F13D /* UIStackView+addArrangedSubviews.swift in Sources */ = {isa = PBXBuildFile; fileRef = 6E59E7272799F3BE0016F13D /* UIStackView+addArrangedSubviews.swift */; };
		6E59E72D2799F3BE0016F13D /* UIView+UI.swift in Sources */ = {isa = PBXBuildFile; fileRef = 6E59E7282799F3BE0016F13D /* UIView+UI.swift */; };
		6E59E72E2799F3BE0016F13D /* UITableViewCell+identifier.swift in Sources */ = {isa = PBXBuildFile; fileRef = 6E59E7292799F3BE0016F13D /* UITableViewCell+identifier.swift */; };
		6E59E7302799F3D00016F13D /* Coordinatable.swift in Sources */ = {isa = PBXBuildFile; fileRef = 6E59E72F2799F3D00016F13D /* Coordinatable.swift */; };
		6E59E7322799F3E20016F13D /* ViewCodable.swift in Sources */ = {isa = PBXBuildFile; fileRef = 6E59E7312799F3E20016F13D /* ViewCodable.swift */; };
		6E59E7352799F4090016F13D /* AppCoordinator.swift in Sources */ = {isa = PBXBuildFile; fileRef = 6E59E7342799F4090016F13D /* AppCoordinator.swift */; };
		6E59E73E2799F4FF0016F13D /* TVShowsViewController.swift in Sources */ = {isa = PBXBuildFile; fileRef = 6E59E73D2799F4FF0016F13D /* TVShowsViewController.swift */; };
		6E59E7402799F50B0016F13D /* TVShowsView.swift in Sources */ = {isa = PBXBuildFile; fileRef = 6E59E73F2799F50B0016F13D /* TVShowsView.swift */; };
		6E59E7422799F6BC0016F13D /* TVShowCell.swift in Sources */ = {isa = PBXBuildFile; fileRef = 6E59E7412799F6BC0016F13D /* TVShowCell.swift */; };
		6E59E7462799FC240016F13D /* TVShowProvider.swift in Sources */ = {isa = PBXBuildFile; fileRef = 6E59E7452799FC240016F13D /* TVShowProvider.swift */; };
		6E59E7482799FC360016F13D /* TVShowProviderProtocol.swift in Sources */ = {isa = PBXBuildFile; fileRef = 6E59E7472799FC360016F13D /* TVShowProviderProtocol.swift */; };
		6E59E74B279A00420016F13D /* ImageCacheType.swift in Sources */ = {isa = PBXBuildFile; fileRef = 6E59E74A279A00420016F13D /* ImageCacheType.swift */; };
		6E59E74D279A00670016F13D /* ImageCache.swift in Sources */ = {isa = PBXBuildFile; fileRef = 6E59E74C279A00670016F13D /* ImageCache.swift */; };
		6E59E74F279A00950016F13D /* UIImage+DecodedImage.swift in Sources */ = {isa = PBXBuildFile; fileRef = 6E59E74E279A00950016F13D /* UIImage+DecodedImage.swift */; };
		6E59E751279A01A00016F13D /* UIImageView+Downloaded.swift in Sources */ = {isa = PBXBuildFile; fileRef = 6E59E750279A01A00016F13D /* UIImageView+Downloaded.swift */; };
		6E59E754279A04A30016F13D /* UIColor+StaticColors.swift in Sources */ = {isa = PBXBuildFile; fileRef = 6E59E753279A04A30016F13D /* UIColor+StaticColors.swift */; };
		6EDA00C2279AC1A100F2500C /* NSMutableAttributedString+Extension.swift in Sources */ = {isa = PBXBuildFile; fileRef = 6EDA00C1279AC1A100F2500C /* NSMutableAttributedString+Extension.swift */; };
		6EDA00C6279ACEC500F2500C /* EpisodeDetailViewController.swift in Sources */ = {isa = PBXBuildFile; fileRef = 6EDA00C5279ACEC500F2500C /* EpisodeDetailViewController.swift */; };
		6EDA00C8279ACECC00F2500C /* EpisodeDetailView.swift in Sources */ = {isa = PBXBuildFile; fileRef = 6EDA00C7279ACECC00F2500C /* EpisodeDetailView.swift */; };
		6EDA00CD279AD4FE00F2500C /* FavoritesProviderProtocol.swift in Sources */ = {isa = PBXBuildFile; fileRef = 6EDA00CC279AD4FE00F2500C /* FavoritesProviderProtocol.swift */; };
		6EDA00CF279AD5B000F2500C /* FavoritesProvider.swift in Sources */ = {isa = PBXBuildFile; fileRef = 6EDA00CE279AD5B000F2500C /* FavoritesProvider.swift */; };
		6EDA00D2279ADF8E00F2500C /* FavoritesViewController.swift in Sources */ = {isa = PBXBuildFile; fileRef = 6EDA00D1279ADF8E00F2500C /* FavoritesViewController.swift */; };
		6EDA00D4279ADF9700F2500C /* FavoritesView.swift in Sources */ = {isa = PBXBuildFile; fileRef = 6EDA00D3279ADF9600F2500C /* FavoritesView.swift */; };
		6EDA00D6279AE00800F2500C /* TVShowViewModel.swift in Sources */ = {isa = PBXBuildFile; fileRef = 6EDA00D5279AE00800F2500C /* TVShowViewModel.swift */; };
		6EDA00D8279AE21800F2500C /* TVShowFactory.swift in Sources */ = {isa = PBXBuildFile; fileRef = 6EDA00D7279AE21800F2500C /* TVShowFactory.swift */; };
/* End PBXBuildFile section */

/* Begin PBXContainerItemProxy section */
		6E251FE7279A2AB7005CB825 /* PBXContainerItemProxy */ = {
			isa = PBXContainerItemProxy;
			containerPortal = 6E59E6F72799D3260016F13D /* Networking.xcodeproj */;
			proxyType = 2;
			remoteGlobalIDString = 6E59E6ED2799D3260016F13D;
			remoteInfo = Networking;
		};
/* End PBXContainerItemProxy section */

/* Begin PBXFileReference section */
		6E251FE9279A2D3E005CB825 /* Episode.swift */ = {isa = PBXFileReference; lastKnownFileType = sourcecode.swift; path = Episode.swift; sourceTree = "<group>"; };
		6E251FEB279A2D90005CB825 /* Image.swift */ = {isa = PBXFileReference; lastKnownFileType = sourcecode.swift; path = Image.swift; sourceTree = "<group>"; };
		6E251FF0279A3116005CB825 /* TVShowDetailViewController.swift */ = {isa = PBXFileReference; lastKnownFileType = sourcecode.swift; path = TVShowDetailViewController.swift; sourceTree = "<group>"; };
		6E251FF2279A3120005CB825 /* TVShowDetailView.swift */ = {isa = PBXFileReference; lastKnownFileType = sourcecode.swift; path = TVShowDetailView.swift; sourceTree = "<group>"; };
		6E251FF4279A32E0005CB825 /* EpisodeCell.swift */ = {isa = PBXFileReference; lastKnownFileType = sourcecode.swift; path = EpisodeCell.swift; sourceTree = "<group>"; };
		6E251FF6279A3A8E005CB825 /* EpisodeProviderProtocol.swift */ = {isa = PBXFileReference; lastKnownFileType = sourcecode.swift; path = EpisodeProviderProtocol.swift; sourceTree = "<group>"; };
		6E251FF8279A3ACB005CB825 /* EpisodeProvider.swift */ = {isa = PBXFileReference; lastKnownFileType = sourcecode.swift; path = EpisodeProvider.swift; sourceTree = "<group>"; };
		6E59E6CB2799D1830016F13D /* Jobsity.app */ = {isa = PBXFileReference; explicitFileType = wrapper.application; includeInIndex = 0; path = Jobsity.app; sourceTree = BUILT_PRODUCTS_DIR; };
		6E59E6CE2799D1830016F13D /* AppDelegate.swift */ = {isa = PBXFileReference; lastKnownFileType = sourcecode.swift; path = AppDelegate.swift; sourceTree = "<group>"; };
		6E59E6D72799D1850016F13D /* Assets.xcassets */ = {isa = PBXFileReference; lastKnownFileType = folder.assetcatalog; path = Assets.xcassets; sourceTree = "<group>"; };
		6E59E6DA2799D1850016F13D /* Base */ = {isa = PBXFileReference; lastKnownFileType = file.storyboard; name = Base; path = Base.lproj/LaunchScreen.storyboard; sourceTree = "<group>"; };
		6E59E6DC2799D1850016F13D /* Info.plist */ = {isa = PBXFileReference; lastKnownFileType = text.plist.xml; path = Info.plist; sourceTree = "<group>"; };
		6E59E6F72799D3260016F13D /* Networking.xcodeproj */ = {isa = PBXFileReference; lastKnownFileType = "wrapper.pb-project"; name = Networking.xcodeproj; path = ../Networking/Networking.xcodeproj; sourceTree = "<group>"; };
		6E59E7172799EEA50016F13D /* Localizable.strings */ = {isa = PBXFileReference; lastKnownFileType = text.plist.strings; path = Localizable.strings; sourceTree = "<group>"; };
		6E59E7192799EEAD0016F13D /* Localizable.swift */ = {isa = PBXFileReference; lastKnownFileType = sourcecode.swift; path = Localizable.swift; sourceTree = "<group>"; };
		6E59E71C2799EF4D0016F13D /* TVShow.swift */ = {isa = PBXFileReference; lastKnownFileType = sourcecode.swift; path = TVShow.swift; sourceTree = "<group>"; };
		6E59E71F2799F0A00016F13D /* APIKeys.swift */ = {isa = PBXFileReference; lastKnownFileType = sourcecode.swift; path = APIKeys.swift; sourceTree = "<group>"; };
		6E59E7212799F1C70016F13D /* TVShowEndpoint.swift */ = {isa = PBXFileReference; lastKnownFileType = sourcecode.swift; path = TVShowEndpoint.swift; sourceTree = "<group>"; };
		6E59E7252799F3BE0016F13D /* UIView+setupConstraints.swift */ = {isa = PBXFileReference; fileEncoding = 4; lastKnownFileType = sourcecode.swift; path = "UIView+setupConstraints.swift"; sourceTree = "<group>"; };
		6E59E7262799F3BE0016F13D /* UIView+addSubviews.swift */ = {isa = PBXFileReference; fileEncoding = 4; lastKnownFileType = sourcecode.swift; path = "UIView+addSubviews.swift"; sourceTree = "<group>"; };
		6E59E7272799F3BE0016F13D /* UIStackView+addArrangedSubviews.swift */ = {isa = PBXFileReference; fileEncoding = 4; lastKnownFileType = sourcecode.swift; path = "UIStackView+addArrangedSubviews.swift"; sourceTree = "<group>"; };
		6E59E7282799F3BE0016F13D /* UIView+UI.swift */ = {isa = PBXFileReference; fileEncoding = 4; lastKnownFileType = sourcecode.swift; path = "UIView+UI.swift"; sourceTree = "<group>"; };
		6E59E7292799F3BE0016F13D /* UITableViewCell+identifier.swift */ = {isa = PBXFileReference; fileEncoding = 4; lastKnownFileType = sourcecode.swift; path = "UITableViewCell+identifier.swift"; sourceTree = "<group>"; };
		6E59E72F2799F3D00016F13D /* Coordinatable.swift */ = {isa = PBXFileReference; fileEncoding = 4; lastKnownFileType = sourcecode.swift; path = Coordinatable.swift; sourceTree = "<group>"; };
		6E59E7312799F3E20016F13D /* ViewCodable.swift */ = {isa = PBXFileReference; fileEncoding = 4; lastKnownFileType = sourcecode.swift; path = ViewCodable.swift; sourceTree = "<group>"; };
		6E59E7342799F4090016F13D /* AppCoordinator.swift */ = {isa = PBXFileReference; lastKnownFileType = sourcecode.swift; path = AppCoordinator.swift; sourceTree = "<group>"; };
		6E59E73D2799F4FF0016F13D /* TVShowsViewController.swift */ = {isa = PBXFileReference; lastKnownFileType = sourcecode.swift; path = TVShowsViewController.swift; sourceTree = "<group>"; };
		6E59E73F2799F50B0016F13D /* TVShowsView.swift */ = {isa = PBXFileReference; lastKnownFileType = sourcecode.swift; path = TVShowsView.swift; sourceTree = "<group>"; };
		6E59E7412799F6BC0016F13D /* TVShowCell.swift */ = {isa = PBXFileReference; lastKnownFileType = sourcecode.swift; path = TVShowCell.swift; sourceTree = "<group>"; };
		6E59E7452799FC240016F13D /* TVShowProvider.swift */ = {isa = PBXFileReference; lastKnownFileType = sourcecode.swift; path = TVShowProvider.swift; sourceTree = "<group>"; };
		6E59E7472799FC360016F13D /* TVShowProviderProtocol.swift */ = {isa = PBXFileReference; lastKnownFileType = sourcecode.swift; path = TVShowProviderProtocol.swift; sourceTree = "<group>"; };
		6E59E74A279A00420016F13D /* ImageCacheType.swift */ = {isa = PBXFileReference; lastKnownFileType = sourcecode.swift; path = ImageCacheType.swift; sourceTree = "<group>"; };
		6E59E74C279A00670016F13D /* ImageCache.swift */ = {isa = PBXFileReference; lastKnownFileType = sourcecode.swift; path = ImageCache.swift; sourceTree = "<group>"; };
		6E59E74E279A00950016F13D /* UIImage+DecodedImage.swift */ = {isa = PBXFileReference; lastKnownFileType = sourcecode.swift; path = "UIImage+DecodedImage.swift"; sourceTree = "<group>"; };
		6E59E750279A01A00016F13D /* UIImageView+Downloaded.swift */ = {isa = PBXFileReference; lastKnownFileType = sourcecode.swift; path = "UIImageView+Downloaded.swift"; sourceTree = "<group>"; };
		6E59E753279A04A30016F13D /* UIColor+StaticColors.swift */ = {isa = PBXFileReference; lastKnownFileType = sourcecode.swift; path = "UIColor+StaticColors.swift"; sourceTree = "<group>"; };
		6EDA00C1279AC1A100F2500C /* NSMutableAttributedString+Extension.swift */ = {isa = PBXFileReference; lastKnownFileType = sourcecode.swift; path = "NSMutableAttributedString+Extension.swift"; sourceTree = "<group>"; };
		6EDA00C5279ACEC500F2500C /* EpisodeDetailViewController.swift */ = {isa = PBXFileReference; lastKnownFileType = sourcecode.swift; path = EpisodeDetailViewController.swift; sourceTree = "<group>"; };
		6EDA00C7279ACECC00F2500C /* EpisodeDetailView.swift */ = {isa = PBXFileReference; lastKnownFileType = sourcecode.swift; path = EpisodeDetailView.swift; sourceTree = "<group>"; };
		6EDA00CC279AD4FE00F2500C /* FavoritesProviderProtocol.swift */ = {isa = PBXFileReference; lastKnownFileType = sourcecode.swift; path = FavoritesProviderProtocol.swift; sourceTree = "<group>"; };
		6EDA00CE279AD5B000F2500C /* FavoritesProvider.swift */ = {isa = PBXFileReference; lastKnownFileType = sourcecode.swift; path = FavoritesProvider.swift; sourceTree = "<group>"; };
		6EDA00D1279ADF8E00F2500C /* FavoritesViewController.swift */ = {isa = PBXFileReference; lastKnownFileType = sourcecode.swift; path = FavoritesViewController.swift; sourceTree = "<group>"; };
		6EDA00D3279ADF9600F2500C /* FavoritesView.swift */ = {isa = PBXFileReference; lastKnownFileType = sourcecode.swift; path = FavoritesView.swift; sourceTree = "<group>"; };
		6EDA00D5279AE00800F2500C /* TVShowViewModel.swift */ = {isa = PBXFileReference; lastKnownFileType = sourcecode.swift; path = TVShowViewModel.swift; sourceTree = "<group>"; };
		6EDA00D7279AE21800F2500C /* TVShowFactory.swift */ = {isa = PBXFileReference; lastKnownFileType = sourcecode.swift; path = TVShowFactory.swift; sourceTree = "<group>"; };
/* End PBXFileReference section */

/* Begin PBXFrameworksBuildPhase section */
		6E59E6C82799D1830016F13D /* Frameworks */ = {
			isa = PBXFrameworksBuildPhase;
			buildActionMask = 2147483647;
			files = (
			);
			runOnlyForDeploymentPostprocessing = 0;
		};
/* End PBXFrameworksBuildPhase section */

/* Begin PBXGroup section */
		6E251FE4279A2AB4005CB825 /* Products */ = {
			isa = PBXGroup;
			children = (
				6E251FE8279A2AB7005CB825 /* Networking.framework */,
			);
			name = Products;
			sourceTree = "<group>";
		};
		6E251FEF279A3105005CB825 /* TVShowDetail */ = {
			isa = PBXGroup;
			children = (
				6E251FF0279A3116005CB825 /* TVShowDetailViewController.swift */,
				6E251FF2279A3120005CB825 /* TVShowDetailView.swift */,
				6E251FF4279A32E0005CB825 /* EpisodeCell.swift */,
			);
			path = TVShowDetail;
			sourceTree = "<group>";
		};
		6E59E6C22799D1830016F13D = {
			isa = PBXGroup;
			children = (
				6E59E6CD2799D1830016F13D /* Jobsity */,
				6E59E6F72799D3260016F13D /* Networking.xcodeproj */,
				6E59E6CC2799D1830016F13D /* Products */,
				6E59E7122799EE490016F13D /* Frameworks */,
			);
			sourceTree = "<group>";
		};
		6E59E6CC2799D1830016F13D /* Products */ = {
			isa = PBXGroup;
			children = (
				6E59E6CB2799D1830016F13D /* Jobsity.app */,
			);
			name = Products;
			sourceTree = "<group>";
		};
		6E59E6CD2799D1830016F13D /* Jobsity */ = {
			isa = PBXGroup;
			children = (
				6E59E7332799F3FA0016F13D /* Coordinator */,
				6E59E6E22799D1920016F13D /* Core */,
				6E59E7242799F39D0016F13D /* Extension */,
				6E59E749279A002F0016F13D /* ImageCache */,
				6E59E7162799EE970016F13D /* Localizable */,
				6E59E71B2799EF440016F13D /* Model */,
				6E59E71E2799F0870016F13D /* Network */,
				6E59E7232799F3940016F13D /* Protocol */,
				6E59E7442799FC140016F13D /* Provider */,
				6E59E7362799F4CE0016F13D /* Screens */,
			);
			path = Jobsity;
			sourceTree = "<group>";
		};
		6E59E6E22799D1920016F13D /* Core */ = {
			isa = PBXGroup;
			children = (
				6E59E6DC2799D1850016F13D /* Info.plist */,
				6E59E6D92799D1850016F13D /* LaunchScreen.storyboard */,
				6E59E6D72799D1850016F13D /* Assets.xcassets */,
				6E59E6CE2799D1830016F13D /* AppDelegate.swift */,
			);
			path = Core;
			sourceTree = "<group>";
		};
		6E59E7122799EE490016F13D /* Frameworks */ = {
			isa = PBXGroup;
			children = (
			);
			name = Frameworks;
			sourceTree = "<group>";
		};
		6E59E7162799EE970016F13D /* Localizable */ = {
			isa = PBXGroup;
			children = (
				6E59E7172799EEA50016F13D /* Localizable.strings */,
				6E59E7192799EEAD0016F13D /* Localizable.swift */,
			);
			path = Localizable;
			sourceTree = "<group>";
		};
		6E59E71B2799EF440016F13D /* Model */ = {
			isa = PBXGroup;
			children = (
				6E59E71C2799EF4D0016F13D /* TVShow.swift */,
				6E251FE9279A2D3E005CB825 /* Episode.swift */,
				6E251FEB279A2D90005CB825 /* Image.swift */,
			);
			path = Model;
			sourceTree = "<group>";
		};
		6E59E71E2799F0870016F13D /* Network */ = {
			isa = PBXGroup;
			children = (
				6E59E71F2799F0A00016F13D /* APIKeys.swift */,
				6E59E7212799F1C70016F13D /* TVShowEndpoint.swift */,
			);
			path = Network;
			sourceTree = "<group>";
		};
		6E59E7232799F3940016F13D /* Protocol */ = {
			isa = PBXGroup;
			children = (
				6E59E7312799F3E20016F13D /* ViewCodable.swift */,
				6E59E72F2799F3D00016F13D /* Coordinatable.swift */,
			);
			path = Protocol;
			sourceTree = "<group>";
		};
		6E59E7242799F39D0016F13D /* Extension */ = {
			isa = PBXGroup;
			children = (
				6E59E7272799F3BE0016F13D /* UIStackView+addArrangedSubviews.swift */,
				6E59E7292799F3BE0016F13D /* UITableViewCell+identifier.swift */,
				6E59E7262799F3BE0016F13D /* UIView+addSubviews.swift */,
				6E59E7252799F3BE0016F13D /* UIView+setupConstraints.swift */,
				6E59E7282799F3BE0016F13D /* UIView+UI.swift */,
				6E59E74E279A00950016F13D /* UIImage+DecodedImage.swift */,
				6E59E750279A01A00016F13D /* UIImageView+Downloaded.swift */,
				6E59E753279A04A30016F13D /* UIColor+StaticColors.swift */,
				6EDA00C1279AC1A100F2500C /* NSMutableAttributedString+Extension.swift */,
			);
			path = Extension;
			sourceTree = "<group>";
		};
		6E59E7332799F3FA0016F13D /* Coordinator */ = {
			isa = PBXGroup;
			children = (
				6E59E7342799F4090016F13D /* AppCoordinator.swift */,
			);
			path = Coordinator;
			sourceTree = "<group>";
		};
		6E59E7362799F4CE0016F13D /* Screens */ = {
			isa = PBXGroup;
			children = (
				6EDA00D0279ADF7000F2500C /* Favorites */,
				6EDA00C4279ACE8700F2500C /* EpisodeDetail */,
				6E251FEF279A3105005CB825 /* TVShowDetail */,
				6E59E73C2799F4EA0016F13D /* TVShow */,
			);
			path = Screens;
			sourceTree = "<group>";
		};
		6E59E73C2799F4EA0016F13D /* TVShow */ = {
			isa = PBXGroup;
			children = (
				6E59E73D2799F4FF0016F13D /* TVShowsViewController.swift */,
				6E59E73F2799F50B0016F13D /* TVShowsView.swift */,
				6E59E7412799F6BC0016F13D /* TVShowCell.swift */,
				6EDA00D5279AE00800F2500C /* TVShowViewModel.swift */,
				6EDA00D7279AE21800F2500C /* TVShowFactory.swift */,
			);
			path = TVShow;
			sourceTree = "<group>";
		};
		6E59E7442799FC140016F13D /* Provider */ = {
			isa = PBXGroup;
			children = (
				6EDA00CB279AD4EF00F2500C /* Favorites */,
				6EDA00CA279AD4E500F2500C /* Episode */,
				6EDA00C9279AD4DE00F2500C /* TVShow */,
			);
			path = Provider;
			sourceTree = "<group>";
		};
		6E59E749279A002F0016F13D /* ImageCache */ = {
			isa = PBXGroup;
			children = (
				6E59E74A279A00420016F13D /* ImageCacheType.swift */,
				6E59E74C279A00670016F13D /* ImageCache.swift */,
			);
			path = ImageCache;
			sourceTree = "<group>";
		};
		6EDA00C4279ACE8700F2500C /* EpisodeDetail */ = {
			isa = PBXGroup;
			children = (
				6EDA00C5279ACEC500F2500C /* EpisodeDetailViewController.swift */,
				6EDA00C7279ACECC00F2500C /* EpisodeDetailView.swift */,
			);
			path = EpisodeDetail;
			sourceTree = "<group>";
		};
		6EDA00C9279AD4DE00F2500C /* TVShow */ = {
			isa = PBXGroup;
			children = (
				6E59E7452799FC240016F13D /* TVShowProvider.swift */,
				6E59E7472799FC360016F13D /* TVShowProviderProtocol.swift */,
			);
			path = TVShow;
			sourceTree = "<group>";
		};
		6EDA00CA279AD4E500F2500C /* Episode */ = {
			isa = PBXGroup;
			children = (
				6E251FF6279A3A8E005CB825 /* EpisodeProviderProtocol.swift */,
				6E251FF8279A3ACB005CB825 /* EpisodeProvider.swift */,
			);
			path = Episode;
			sourceTree = "<group>";
		};
		6EDA00CB279AD4EF00F2500C /* Favorites */ = {
			isa = PBXGroup;
			children = (
				6EDA00CC279AD4FE00F2500C /* FavoritesProviderProtocol.swift */,
				6EDA00CE279AD5B000F2500C /* FavoritesProvider.swift */,
			);
			path = Favorites;
			sourceTree = "<group>";
		};
		6EDA00D0279ADF7000F2500C /* Favorites */ = {
			isa = PBXGroup;
			children = (
				6EDA00D1279ADF8E00F2500C /* FavoritesViewController.swift */,
				6EDA00D3279ADF9600F2500C /* FavoritesView.swift */,
			);
			path = Favorites;
			sourceTree = "<group>";
		};
/* End PBXGroup section */

/* Begin PBXNativeTarget section */
		6E59E6CA2799D1830016F13D /* Jobsity */ = {
			isa = PBXNativeTarget;
			buildConfigurationList = 6E59E6DF2799D1850016F13D /* Build configuration list for PBXNativeTarget "Jobsity" */;
			buildPhases = (
				6E59E6C72799D1830016F13D /* Sources */,
				6E59E6C82799D1830016F13D /* Frameworks */,
				6E59E6C92799D1830016F13D /* Resources */,
			);
			buildRules = (
			);
			dependencies = (
			);
			name = Jobsity;
			productName = Jobsity;
			productReference = 6E59E6CB2799D1830016F13D /* Jobsity.app */;
			productType = "com.apple.product-type.application";
		};
/* End PBXNativeTarget section */

/* Begin PBXProject section */
		6E59E6C32799D1830016F13D /* Project object */ = {
			isa = PBXProject;
			attributes = {
				BuildIndependentTargetsInParallel = 1;
				LastSwiftUpdateCheck = 1320;
				LastUpgradeCheck = 1320;
				TargetAttributes = {
					6E59E6CA2799D1830016F13D = {
						CreatedOnToolsVersion = 13.2;
					};
				};
			};
			buildConfigurationList = 6E59E6C62799D1830016F13D /* Build configuration list for PBXProject "Jobsity" */;
			compatibilityVersion = "Xcode 13.0";
			developmentRegion = en;
			hasScannedForEncodings = 0;
			knownRegions = (
				en,
				Base,
			);
			mainGroup = 6E59E6C22799D1830016F13D;
			productRefGroup = 6E59E6CC2799D1830016F13D /* Products */;
			projectDirPath = "";
			projectReferences = (
				{
					ProductGroup = 6E251FE4279A2AB4005CB825 /* Products */;
					ProjectRef = 6E59E6F72799D3260016F13D /* Networking.xcodeproj */;
				},
			);
			projectRoot = "";
			targets = (
				6E59E6CA2799D1830016F13D /* Jobsity */,
			);
		};
/* End PBXProject section */

/* Begin PBXReferenceProxy section */
		6E251FE8279A2AB7005CB825 /* Networking.framework */ = {
			isa = PBXReferenceProxy;
			fileType = wrapper.framework;
			path = Networking.framework;
			remoteRef = 6E251FE7279A2AB7005CB825 /* PBXContainerItemProxy */;
			sourceTree = BUILT_PRODUCTS_DIR;
		};
/* End PBXReferenceProxy section */

/* Begin PBXResourcesBuildPhase section */
		6E59E6C92799D1830016F13D /* Resources */ = {
			isa = PBXResourcesBuildPhase;
			buildActionMask = 2147483647;
			files = (
				6E59E6DB2799D1850016F13D /* LaunchScreen.storyboard in Resources */,
				6E59E7182799EEA50016F13D /* Localizable.strings in Resources */,
				6E59E6D82799D1850016F13D /* Assets.xcassets in Resources */,
			);
			runOnlyForDeploymentPostprocessing = 0;
		};
/* End PBXResourcesBuildPhase section */

/* Begin PBXSourcesBuildPhase section */
		6E59E6C72799D1830016F13D /* Sources */ = {
			isa = PBXSourcesBuildPhase;
			buildActionMask = 2147483647;
			files = (
				6E59E71A2799EEAD0016F13D /* Localizable.swift in Sources */,
				6E251FEA279A2D3E005CB825 /* Episode.swift in Sources */,
				6E59E6CF2799D1830016F13D /* AppDelegate.swift in Sources */,
				6E59E7352799F4090016F13D /* AppCoordinator.swift in Sources */,
				6E59E72E2799F3BE0016F13D /* UITableViewCell+identifier.swift in Sources */,
				6EDA00C6279ACEC500F2500C /* EpisodeDetailViewController.swift in Sources */,
				6E59E7202799F0A00016F13D /* APIKeys.swift in Sources */,
				6EDA00C2279AC1A100F2500C /* NSMutableAttributedString+Extension.swift in Sources */,
				6E59E73E2799F4FF0016F13D /* TVShowsViewController.swift in Sources */,
				6E59E7422799F6BC0016F13D /* TVShowCell.swift in Sources */,
				6EDA00D2279ADF8E00F2500C /* FavoritesViewController.swift in Sources */,
				6E59E751279A01A00016F13D /* UIImageView+Downloaded.swift in Sources */,
				6E59E71D2799EF4D0016F13D /* TVShow.swift in Sources */,
				6E59E7322799F3E20016F13D /* ViewCodable.swift in Sources */,
				6E59E74F279A00950016F13D /* UIImage+DecodedImage.swift in Sources */,
				6E59E7222799F1C70016F13D /* TVShowEndpoint.swift in Sources */,
				6E59E74D279A00670016F13D /* ImageCache.swift in Sources */,
				6E59E7402799F50B0016F13D /* TVShowsView.swift in Sources */,
				6E59E754279A04A30016F13D /* UIColor+StaticColors.swift in Sources */,
				6E59E7482799FC360016F13D /* TVShowProviderProtocol.swift in Sources */,
				6EDA00D8279AE21800F2500C /* TVShowFactory.swift in Sources */,
				6E59E7302799F3D00016F13D /* Coordinatable.swift in Sources */,
				6E251FF9279A3ACB005CB825 /* EpisodeProvider.swift in Sources */,
				6E59E72B2799F3BE0016F13D /* UIView+addSubviews.swift in Sources */,
				6E59E72A2799F3BE0016F13D /* UIView+setupConstraints.swift in Sources */,
				6E59E7462799FC240016F13D /* TVShowProvider.swift in Sources */,
				6EDA00CD279AD4FE00F2500C /* FavoritesProviderProtocol.swift in Sources */,
				6E251FF7279A3A8E005CB825 /* EpisodeProviderProtocol.swift in Sources */,
				6EDA00D6279AE00800F2500C /* TVShowViewModel.swift in Sources */,
				6E251FF3279A3120005CB825 /* TVShowDetailView.swift in Sources */,
				6EDA00CF279AD5B000F2500C /* FavoritesProvider.swift in Sources */,
				6E59E72C2799F3BE0016F13D /* UIStackView+addArrangedSubviews.swift in Sources */,
				6EDA00D4279ADF9700F2500C /* FavoritesView.swift in Sources */,
				6E59E72D2799F3BE0016F13D /* UIView+UI.swift in Sources */,
				6E59E74B279A00420016F13D /* ImageCacheType.swift in Sources */,
				6E251FF5279A32E0005CB825 /* EpisodeCell.swift in Sources */,
				6EDA00C8279ACECC00F2500C /* EpisodeDetailView.swift in Sources */,
				6E251FF1279A3116005CB825 /* TVShowDetailViewController.swift in Sources */,
				6E251FEC279A2D90005CB825 /* Image.swift in Sources */,
			);
			runOnlyForDeploymentPostprocessing = 0;
		};
/* End PBXSourcesBuildPhase section */

/* Begin PBXVariantGroup section */
		6E59E6D92799D1850016F13D /* LaunchScreen.storyboard */ = {
			isa = PBXVariantGroup;
			children = (
				6E59E6DA2799D1850016F13D /* Base */,
			);
			name = LaunchScreen.storyboard;
			sourceTree = "<group>";
		};
/* End PBXVariantGroup section */

/* Begin XCBuildConfiguration section */
		6E59E6DD2799D1850016F13D /* Debug */ = {
			isa = XCBuildConfiguration;
			buildSettings = {
				ALWAYS_SEARCH_USER_PATHS = NO;
				CLANG_ANALYZER_NONNULL = YES;
				CLANG_ANALYZER_NUMBER_OBJECT_CONVERSION = YES_AGGRESSIVE;
				CLANG_CXX_LANGUAGE_STANDARD = "gnu++17";
				CLANG_CXX_LIBRARY = "libc++";
				CLANG_ENABLE_MODULES = YES;
				CLANG_ENABLE_OBJC_ARC = YES;
				CLANG_ENABLE_OBJC_WEAK = YES;
				CLANG_WARN_BLOCK_CAPTURE_AUTORELEASING = YES;
				CLANG_WARN_BOOL_CONVERSION = YES;
				CLANG_WARN_COMMA = YES;
				CLANG_WARN_CONSTANT_CONVERSION = YES;
				CLANG_WARN_DEPRECATED_OBJC_IMPLEMENTATIONS = YES;
				CLANG_WARN_DIRECT_OBJC_ISA_USAGE = YES_ERROR;
				CLANG_WARN_DOCUMENTATION_COMMENTS = YES;
				CLANG_WARN_EMPTY_BODY = YES;
				CLANG_WARN_ENUM_CONVERSION = YES;
				CLANG_WARN_INFINITE_RECURSION = YES;
				CLANG_WARN_INT_CONVERSION = YES;
				CLANG_WARN_NON_LITERAL_NULL_CONVERSION = YES;
				CLANG_WARN_OBJC_IMPLICIT_RETAIN_SELF = YES;
				CLANG_WARN_OBJC_LITERAL_CONVERSION = YES;
				CLANG_WARN_OBJC_ROOT_CLASS = YES_ERROR;
				CLANG_WARN_QUOTED_INCLUDE_IN_FRAMEWORK_HEADER = YES;
				CLANG_WARN_RANGE_LOOP_ANALYSIS = YES;
				CLANG_WARN_STRICT_PROTOTYPES = YES;
				CLANG_WARN_SUSPICIOUS_MOVE = YES;
				CLANG_WARN_UNGUARDED_AVAILABILITY = YES_AGGRESSIVE;
				CLANG_WARN_UNREACHABLE_CODE = YES;
				CLANG_WARN__DUPLICATE_METHOD_MATCH = YES;
				COPY_PHASE_STRIP = NO;
				DEBUG_INFORMATION_FORMAT = dwarf;
				ENABLE_STRICT_OBJC_MSGSEND = YES;
				ENABLE_TESTABILITY = YES;
				GCC_C_LANGUAGE_STANDARD = gnu11;
				GCC_DYNAMIC_NO_PIC = NO;
				GCC_NO_COMMON_BLOCKS = YES;
				GCC_OPTIMIZATION_LEVEL = 0;
				GCC_PREPROCESSOR_DEFINITIONS = (
					"DEBUG=1",
					"$(inherited)",
				);
				GCC_WARN_64_TO_32_BIT_CONVERSION = YES;
				GCC_WARN_ABOUT_RETURN_TYPE = YES_ERROR;
				GCC_WARN_UNDECLARED_SELECTOR = YES;
				GCC_WARN_UNINITIALIZED_AUTOS = YES_AGGRESSIVE;
				GCC_WARN_UNUSED_FUNCTION = YES;
				GCC_WARN_UNUSED_VARIABLE = YES;
				IPHONEOS_DEPLOYMENT_TARGET = 15.2;
				MTL_ENABLE_DEBUG_INFO = INCLUDE_SOURCE;
				MTL_FAST_MATH = YES;
				ONLY_ACTIVE_ARCH = YES;
				SDKROOT = iphoneos;
				SWIFT_ACTIVE_COMPILATION_CONDITIONS = DEBUG;
				SWIFT_OPTIMIZATION_LEVEL = "-Onone";
			};
			name = Debug;
		};
		6E59E6DE2799D1850016F13D /* Release */ = {
			isa = XCBuildConfiguration;
			buildSettings = {
				ALWAYS_SEARCH_USER_PATHS = NO;
				CLANG_ANALYZER_NONNULL = YES;
				CLANG_ANALYZER_NUMBER_OBJECT_CONVERSION = YES_AGGRESSIVE;
				CLANG_CXX_LANGUAGE_STANDARD = "gnu++17";
				CLANG_CXX_LIBRARY = "libc++";
				CLANG_ENABLE_MODULES = YES;
				CLANG_ENABLE_OBJC_ARC = YES;
				CLANG_ENABLE_OBJC_WEAK = YES;
				CLANG_WARN_BLOCK_CAPTURE_AUTORELEASING = YES;
				CLANG_WARN_BOOL_CONVERSION = YES;
				CLANG_WARN_COMMA = YES;
				CLANG_WARN_CONSTANT_CONVERSION = YES;
				CLANG_WARN_DEPRECATED_OBJC_IMPLEMENTATIONS = YES;
				CLANG_WARN_DIRECT_OBJC_ISA_USAGE = YES_ERROR;
				CLANG_WARN_DOCUMENTATION_COMMENTS = YES;
				CLANG_WARN_EMPTY_BODY = YES;
				CLANG_WARN_ENUM_CONVERSION = YES;
				CLANG_WARN_INFINITE_RECURSION = YES;
				CLANG_WARN_INT_CONVERSION = YES;
				CLANG_WARN_NON_LITERAL_NULL_CONVERSION = YES;
				CLANG_WARN_OBJC_IMPLICIT_RETAIN_SELF = YES;
				CLANG_WARN_OBJC_LITERAL_CONVERSION = YES;
				CLANG_WARN_OBJC_ROOT_CLASS = YES_ERROR;
				CLANG_WARN_QUOTED_INCLUDE_IN_FRAMEWORK_HEADER = YES;
				CLANG_WARN_RANGE_LOOP_ANALYSIS = YES;
				CLANG_WARN_STRICT_PROTOTYPES = YES;
				CLANG_WARN_SUSPICIOUS_MOVE = YES;
				CLANG_WARN_UNGUARDED_AVAILABILITY = YES_AGGRESSIVE;
				CLANG_WARN_UNREACHABLE_CODE = YES;
				CLANG_WARN__DUPLICATE_METHOD_MATCH = YES;
				COPY_PHASE_STRIP = NO;
				DEBUG_INFORMATION_FORMAT = "dwarf-with-dsym";
				ENABLE_NS_ASSERTIONS = NO;
				ENABLE_STRICT_OBJC_MSGSEND = YES;
				GCC_C_LANGUAGE_STANDARD = gnu11;
				GCC_NO_COMMON_BLOCKS = YES;
				GCC_WARN_64_TO_32_BIT_CONVERSION = YES;
				GCC_WARN_ABOUT_RETURN_TYPE = YES_ERROR;
				GCC_WARN_UNDECLARED_SELECTOR = YES;
				GCC_WARN_UNINITIALIZED_AUTOS = YES_AGGRESSIVE;
				GCC_WARN_UNUSED_FUNCTION = YES;
				GCC_WARN_UNUSED_VARIABLE = YES;
				IPHONEOS_DEPLOYMENT_TARGET = 15.2;
				MTL_ENABLE_DEBUG_INFO = NO;
				MTL_FAST_MATH = YES;
				SDKROOT = iphoneos;
				SWIFT_COMPILATION_MODE = wholemodule;
				SWIFT_OPTIMIZATION_LEVEL = "-O";
				VALIDATE_PRODUCT = YES;
			};
			name = Release;
		};
		6E59E6E02799D1850016F13D /* Debug */ = {
			isa = XCBuildConfiguration;
			buildSettings = {
				ASSETCATALOG_COMPILER_APPICON_NAME = AppIcon;
				ASSETCATALOG_COMPILER_GLOBAL_ACCENT_COLOR_NAME = AccentColor;
				CODE_SIGN_STYLE = Automatic;
				CURRENT_PROJECT_VERSION = 1;
				DEVELOPMENT_TEAM = A93689JNSR;
				GENERATE_INFOPLIST_FILE = YES;
				INFOPLIST_FILE = Jobsity/Core/Info.plist;
				INFOPLIST_KEY_UIApplicationSupportsIndirectInputEvents = YES;
				INFOPLIST_KEY_UILaunchStoryboardName = LaunchScreen;
				INFOPLIST_KEY_UISupportedInterfaceOrientations = UIInterfaceOrientationPortrait;
				INFOPLIST_KEY_UISupportedInterfaceOrientations_iPad = "UIInterfaceOrientationPortrait UIInterfaceOrientationPortraitUpsideDown UIInterfaceOrientationLandscapeLeft UIInterfaceOrientationLandscapeRight";
				INFOPLIST_KEY_UISupportedInterfaceOrientations_iPhone = "UIInterfaceOrientationPortrait UIInterfaceOrientationLandscapeLeft UIInterfaceOrientationLandscapeRight";
				LD_RUNPATH_SEARCH_PATHS = (
					"$(inherited)",
					"@executable_path/Frameworks",
				);
				MARKETING_VERSION = 1.0;
				PRODUCT_BUNDLE_IDENTIFIER = com.luisgustavo.Jobsity;
				PRODUCT_NAME = "$(TARGET_NAME)";
				SWIFT_EMIT_LOC_STRINGS = YES;
				SWIFT_VERSION = 5.0;
				TARGETED_DEVICE_FAMILY = "1,2";
			};
			name = Debug;
		};
		6E59E6E12799D1850016F13D /* Release */ = {
			isa = XCBuildConfiguration;
			buildSettings = {
				ASSETCATALOG_COMPILER_APPICON_NAME = AppIcon;
				ASSETCATALOG_COMPILER_GLOBAL_ACCENT_COLOR_NAME = AccentColor;
				CODE_SIGN_STYLE = Automatic;
				CURRENT_PROJECT_VERSION = 1;
				DEVELOPMENT_TEAM = A93689JNSR;
				GENERATE_INFOPLIST_FILE = YES;
				INFOPLIST_FILE = Jobsity/Core/Info.plist;
				INFOPLIST_KEY_UIApplicationSupportsIndirectInputEvents = YES;
				INFOPLIST_KEY_UILaunchStoryboardName = LaunchScreen;
				INFOPLIST_KEY_UISupportedInterfaceOrientations = UIInterfaceOrientationPortrait;
				INFOPLIST_KEY_UISupportedInterfaceOrientations_iPad = "UIInterfaceOrientationPortrait UIInterfaceOrientationPortraitUpsideDown UIInterfaceOrientationLandscapeLeft UIInterfaceOrientationLandscapeRight";
				INFOPLIST_KEY_UISupportedInterfaceOrientations_iPhone = "UIInterfaceOrientationPortrait UIInterfaceOrientationLandscapeLeft UIInterfaceOrientationLandscapeRight";
				LD_RUNPATH_SEARCH_PATHS = (
					"$(inherited)",
					"@executable_path/Frameworks",
				);
				MARKETING_VERSION = 1.0;
				PRODUCT_BUNDLE_IDENTIFIER = com.luisgustavo.Jobsity;
				PRODUCT_NAME = "$(TARGET_NAME)";
				SWIFT_EMIT_LOC_STRINGS = YES;
				SWIFT_VERSION = 5.0;
				TARGETED_DEVICE_FAMILY = "1,2";
			};
			name = Release;
		};
/* End XCBuildConfiguration section */

/* Begin XCConfigurationList section */
		6E59E6C62799D1830016F13D /* Build configuration list for PBXProject "Jobsity" */ = {
			isa = XCConfigurationList;
			buildConfigurations = (
				6E59E6DD2799D1850016F13D /* Debug */,
				6E59E6DE2799D1850016F13D /* Release */,
			);
			defaultConfigurationIsVisible = 0;
			defaultConfigurationName = Release;
		};
		6E59E6DF2799D1850016F13D /* Build configuration list for PBXNativeTarget "Jobsity" */ = {
			isa = XCConfigurationList;
			buildConfigurations = (
				6E59E6E02799D1850016F13D /* Debug */,
				6E59E6E12799D1850016F13D /* Release */,
			);
			defaultConfigurationIsVisible = 0;
			defaultConfigurationName = Release;
		};
/* End XCConfigurationList section */
	};
	rootObject = 6E59E6C32799D1830016F13D /* Project object */;
}
